
Microsoft Visual Studio Solution File, Format Version 12.00
# Visual Studio Version 16
VisualStudioVersion = 16.0.31702.278
MinimumVisualStudioVersion = 10.0.40219.1
Project("{FAE04EC0-301F-11D3-BF4B-00C04F79EFBC}") = "ProjectsDashboard", "ProjectsDashboard\ProjectsDashboard.csproj", "{DC0DCB5C-6426-4308-967A-0A08BF75C223}"
EndProject
Global
	GlobalSection(SolutionConfigurationPlatforms) = preSolution
		Debug|Any CPU = Debug|Any CPU
		Release|Any CPU = Release|Any CPU
	EndGlobalSection
	GlobalSection(ProjectConfigurationPlatforms) = postSolution
		{DC0DCB5C-6426-4308-967A-0A08BF75C223}.Debug|Any CPU.ActiveCfg = Debug|Any CPU
		{DC0DCB5C-6426-4308-967A-0A08BF75C223}.Debug|Any CPU.Build.0 = Debug|Any CPU
		{DC0DCB5C-6426-4308-967A-0A08BF75C223}.Release|Any CPU.ActiveCfg = Release|Any CPU
		{DC0DCB5C-6426-4308-967A-0A08BF75C223}.Release|Any CPU.Build.0 = Release|Any CPU
	EndGlobalSection
	GlobalSection(SolutionProperties) = preSolution
		HideSolutionNode = FALSE
	EndGlobalSection
	GlobalSection(ExtensibilityGlobals) = postSolution
		SolutionGuid = {89ABDA72-3EB1-4B7D-A815-EA83EE7B5A1C}
	EndGlobalSection
EndGlobal
